// !$*UTF8*$!
{
	archiveVersion = 1;
	classes = {
	};
	objectVersion = 50;
	objects = {

/* Begin PBXBuildFile section */
		8A0E988422170C9200A0EEA6 /* NewOrder.swift in Sources */ = {isa = PBXBuildFile; fileRef = 8A0E988322170C9200A0EEA6 /* NewOrder.swift */; };
		8A0E98882217246000A0EEA6 /* Order.swift in Sources */ = {isa = PBXBuildFile; fileRef = 8A0E98872217246000A0EEA6 /* Order.swift */; };
		8A0E988A22172CAA00A0EEA6 /* OrderOverviewViewController.swift in Sources */ = {isa = PBXBuildFile; fileRef = 8A0E988922172CAA00A0EEA6 /* OrderOverviewViewController.swift */; };
		8A1B01FD2202E2A800CE513A /* RestaurantTableViewCell.swift in Sources */ = {isa = PBXBuildFile; fileRef = 8A1B01FB2202E2A800CE513A /* RestaurantTableViewCell.swift */; };
		8A1B01FE2202E2A800CE513A /* RestaurantTableViewCell.xib in Resources */ = {isa = PBXBuildFile; fileRef = 8A1B01FC2202E2A800CE513A /* RestaurantTableViewCell.xib */; };
		8A1FA55E2214301D00DF0430 /* UIFont+Foodly.swift in Sources */ = {isa = PBXBuildFile; fileRef = 8A1FA55D2214301D00DF0430 /* UIFont+Foodly.swift */; };
		8A1FA560221437DC00DF0430 /* UIColor+Foodly.swift in Sources */ = {isa = PBXBuildFile; fileRef = 8A1FA55F221437DC00DF0430 /* UIColor+Foodly.swift */; };
		8A2074AB22199302000CC4C6 /* DismissProtocol.swift in Sources */ = {isa = PBXBuildFile; fileRef = 8A2074AA22199302000CC4C6 /* DismissProtocol.swift */; };
		8A21039922156470007CBC61 /* CartTableViewCell.swift in Sources */ = {isa = PBXBuildFile; fileRef = 8A21039722156470007CBC61 /* CartTableViewCell.swift */; };
		8A21039A22156470007CBC61 /* CartTableViewCell.xib in Resources */ = {isa = PBXBuildFile; fileRef = 8A21039822156470007CBC61 /* CartTableViewCell.xib */; };
		8A21B13522147F2B00C4B02A /* CartItem.swift in Sources */ = {isa = PBXBuildFile; fileRef = 8A21B13422147F2B00C4B02A /* CartItem.swift */; };
		8A21B137221490C600C4B02A /* CartViewController.swift in Sources */ = {isa = PBXBuildFile; fileRef = 8A21B136221490C600C4B02A /* CartViewController.swift */; };
		8A21DB25221850B800BBF89A /* OrderTableViewHeaderView.swift in Sources */ = {isa = PBXBuildFile; fileRef = 8A21DB24221850B800BBF89A /* OrderTableViewHeaderView.swift */; };
		8A21DB272218517400BBF89A /* OrderTableViewHeaderView.xib in Resources */ = {isa = PBXBuildFile; fileRef = 8A21DB262218517400BBF89A /* OrderTableViewHeaderView.xib */; };
		8A2524A8224BAB6100A5229A /* Menu.swift in Sources */ = {isa = PBXBuildFile; fileRef = 8A2524A7224BAB6100A5229A /* Menu.swift */; };
		8A28D64C220194FF00F5B640 /* DataController.swift in Sources */ = {isa = PBXBuildFile; fileRef = 8A28D64B220194FF00F5B640 /* DataController.swift */; };
		8A28D64E2201A35400F5B640 /* Restaurant.swift in Sources */ = {isa = PBXBuildFile; fileRef = 8A28D64D2201A35400F5B640 /* Restaurant.swift */; };
		8A40D5F2220366D20066DCD9 /* MenuItemTableViewCell.swift in Sources */ = {isa = PBXBuildFile; fileRef = 8A40D5F0220366D20066DCD9 /* MenuItemTableViewCell.swift */; };
		8A40D5F3220366D20066DCD9 /* MenuItemTableViewCell.xib in Resources */ = {isa = PBXBuildFile; fileRef = 8A40D5F1220366D20066DCD9 /* MenuItemTableViewCell.xib */; };
		8A4179C62248D56D007C0A7D /* CALayer+Foodly.swift in Sources */ = {isa = PBXBuildFile; fileRef = 8A4179C52248D56D007C0A7D /* CALayer+Foodly.swift */; };
		8A6940A9220330B100FD71F8 /* MenuViewController.swift in Sources */ = {isa = PBXBuildFile; fileRef = 8A6940A8220330B100FD71F8 /* MenuViewController.swift */; };
		8A6940AB220339B100FD71F8 /* MenuItem.swift in Sources */ = {isa = PBXBuildFile; fileRef = 8A6940AA220339B100FD71F8 /* MenuItem.swift */; };
		8A7A496E224A5E5400477CBB /* AlertLabel.swift in Sources */ = {isa = PBXBuildFile; fileRef = 8A7A496D224A5E5400477CBB /* AlertLabel.swift */; };
		8A8F100F2213007B00E4B185 /* AddToCartViewController.swift in Sources */ = {isa = PBXBuildFile; fileRef = 8A8F100E2213007B00E4B185 /* AddToCartViewController.swift */; };
		8AA8DA0B2212C2EE00138FAF /* LoadingViewController.swift in Sources */ = {isa = PBXBuildFile; fileRef = 8AA8DA0A2212C2EE00138FAF /* LoadingViewController.swift */; };
		8AA8DA0E2212C6C900138FAF /* UIViewController+Foodly.swift in Sources */ = {isa = PBXBuildFile; fileRef = 8AA8DA0D2212C6C900138FAF /* UIViewController+Foodly.swift */; };
		8AC21A772214581A00DF1BD9 /* UpdateCartProtocol.swift in Sources */ = {isa = PBXBuildFile; fileRef = 8AC21A762214581A00DF1BD9 /* UpdateCartProtocol.swift */; };
		8ADC8477221309ED0049464E /* StoryboardInstance.swift in Sources */ = {isa = PBXBuildFile; fileRef = 8ADC8476221309ED0049464E /* StoryboardInstance.swift */; };
		8ADE62492200B12900E956A1 /* AppDelegate.swift in Sources */ = {isa = PBXBuildFile; fileRef = 8ADE62482200B12900E956A1 /* AppDelegate.swift */; };
		8ADE624B2200B12900E956A1 /* HomeViewController.swift in Sources */ = {isa = PBXBuildFile; fileRef = 8ADE624A2200B12900E956A1 /* HomeViewController.swift */; };
		8ADE624E2200B12900E956A1 /* Home.storyboard in Resources */ = {isa = PBXBuildFile; fileRef = 8ADE624C2200B12900E956A1 /* Home.storyboard */; };
		8ADE62502200B12B00E956A1 /* Assets.xcassets in Resources */ = {isa = PBXBuildFile; fileRef = 8ADE624F2200B12B00E956A1 /* Assets.xcassets */; };
		8ADE62532200B12B00E956A1 /* LaunchScreen.storyboard in Resources */ = {isa = PBXBuildFile; fileRef = 8ADE62512200B12B00E956A1 /* LaunchScreen.storyboard */; };
/* End PBXBuildFile section */

/* Begin PBXFileReference section */
		8A0E988322170C9200A0EEA6 /* NewOrder.swift */ = {isa = PBXFileReference; lastKnownFileType = sourcecode.swift; path = NewOrder.swift; sourceTree = "<group>"; };
		8A0E98872217246000A0EEA6 /* Order.swift */ = {isa = PBXFileReference; lastKnownFileType = sourcecode.swift; path = Order.swift; sourceTree = "<group>"; };
		8A0E988922172CAA00A0EEA6 /* OrderOverviewViewController.swift */ = {isa = PBXFileReference; lastKnownFileType = sourcecode.swift; name = OrderOverviewViewController.swift; path = Pizza_Ordering_Web_App/Controllers/OrderOverviewViewController.swift; sourceTree = SOURCE_ROOT; };
		8A1B01FB2202E2A800CE513A /* RestaurantTableViewCell.swift */ = {isa = PBXFileReference; lastKnownFileType = sourcecode.swift; path = RestaurantTableViewCell.swift; sourceTree = "<group>"; };
		8A1B01FC2202E2A800CE513A /* RestaurantTableViewCell.xib */ = {isa = PBXFileReference; lastKnownFileType = file.xib; path = RestaurantTableViewCell.xib; sourceTree = "<group>"; };
		8A1FA55D2214301D00DF0430 /* UIFont+Foodly.swift */ = {isa = PBXFileReference; lastKnownFileType = sourcecode.swift; path = "UIFont+Foodly.swift"; sourceTree = "<group>"; };
		8A1FA55F221437DC00DF0430 /* UIColor+Foodly.swift */ = {isa = PBXFileReference; lastKnownFileType = sourcecode.swift; path = "UIColor+Foodly.swift"; sourceTree = "<group>"; };
		8A2074AA22199302000CC4C6 /* DismissProtocol.swift */ = {isa = PBXFileReference; lastKnownFileType = sourcecode.swift; path = DismissProtocol.swift; sourceTree = "<group>"; };
		8A21039722156470007CBC61 /* CartTableViewCell.swift */ = {isa = PBXFileReference; lastKnownFileType = sourcecode.swift; path = CartTableViewCell.swift; sourceTree = "<group>"; };
		8A21039822156470007CBC61 /* CartTableViewCell.xib */ = {isa = PBXFileReference; lastKnownFileType = file.xib; path = CartTableViewCell.xib; sourceTree = "<group>"; };
		8A21B13422147F2B00C4B02A /* CartItem.swift */ = {isa = PBXFileReference; lastKnownFileType = sourcecode.swift; path = CartItem.swift; sourceTree = "<group>"; };
		8A21B136221490C600C4B02A /* CartViewController.swift */ = {isa = PBXFileReference; lastKnownFileType = sourcecode.swift; path = CartViewController.swift; sourceTree = "<group>"; };
		8A21DB24221850B800BBF89A /* OrderTableViewHeaderView.swift */ = {isa = PBXFileReference; lastKnownFileType = sourcecode.swift; path = OrderTableViewHeaderView.swift; sourceTree = "<group>"; };
		8A21DB262218517400BBF89A /* OrderTableViewHeaderView.xib */ = {isa = PBXFileReference; lastKnownFileType = file.xib; path = OrderTableViewHeaderView.xib; sourceTree = "<group>"; };
		8A2524A7224BAB6100A5229A /* Menu.swift */ = {isa = PBXFileReference; lastKnownFileType = sourcecode.swift; path = Menu.swift; sourceTree = "<group>"; };
		8A28D64B220194FF00F5B640 /* DataController.swift */ = {isa = PBXFileReference; lastKnownFileType = sourcecode.swift; path = DataController.swift; sourceTree = "<group>"; };
		8A28D64D2201A35400F5B640 /* Restaurant.swift */ = {isa = PBXFileReference; lastKnownFileType = sourcecode.swift; path = Restaurant.swift; sourceTree = "<group>"; };
		8A40D5F0220366D20066DCD9 /* MenuItemTableViewCell.swift */ = {isa = PBXFileReference; lastKnownFileType = sourcecode.swift; path = MenuItemTableViewCell.swift; sourceTree = "<group>"; };
		8A40D5F1220366D20066DCD9 /* MenuItemTableViewCell.xib */ = {isa = PBXFileReference; lastKnownFileType = file.xib; path = MenuItemTableViewCell.xib; sourceTree = "<group>"; };
		8A4179C52248D56D007C0A7D /* CALayer+Foodly.swift */ = {isa = PBXFileReference; lastKnownFileType = sourcecode.swift; path = "CALayer+Foodly.swift"; sourceTree = "<group>"; };
		8A6940A8220330B100FD71F8 /* MenuViewController.swift */ = {isa = PBXFileReference; lastKnownFileType = sourcecode.swift; path = MenuViewController.swift; sourceTree = "<group>"; };
		8A6940AA220339B100FD71F8 /* MenuItem.swift */ = {isa = PBXFileReference; lastKnownFileType = sourcecode.swift; path = MenuItem.swift; sourceTree = "<group>"; };
		8A7A496D224A5E5400477CBB /* AlertLabel.swift */ = {isa = PBXFileReference; lastKnownFileType = sourcecode.swift; path = AlertLabel.swift; sourceTree = "<group>"; };
		8A8F100E2213007B00E4B185 /* AddToCartViewController.swift */ = {isa = PBXFileReference; lastKnownFileType = sourcecode.swift; path = AddToCartViewController.swift; sourceTree = "<group>"; };
		8AA8DA0A2212C2EE00138FAF /* LoadingViewController.swift */ = {isa = PBXFileReference; lastKnownFileType = sourcecode.swift; path = LoadingViewController.swift; sourceTree = "<group>"; };
		8AA8DA0D2212C6C900138FAF /* UIViewController+Foodly.swift */ = {isa = PBXFileReference; lastKnownFileType = sourcecode.swift; path = "UIViewController+Foodly.swift"; sourceTree = "<group>"; };
		8AC21A762214581A00DF1BD9 /* UpdateCartProtocol.swift */ = {isa = PBXFileReference; lastKnownFileType = sourcecode.swift; path = UpdateCartProtocol.swift; sourceTree = "<group>"; };
		8ADC8476221309ED0049464E /* StoryboardInstance.swift */ = {isa = PBXFileReference; lastKnownFileType = sourcecode.swift; path = StoryboardInstance.swift; sourceTree = "<group>"; };
		8ADE62452200B12900E956A1 /* Pizza_Ordering_Web_App.app */ = {isa = PBXFileReference; explicitFileType = wrapper.application; includeInIndex = 0; path = Pizza_Ordering_Web_App.app; sourceTree = BUILT_PRODUCTS_DIR; };
		8ADE62482200B12900E956A1 /* AppDelegate.swift */ = {isa = PBXFileReference; lastKnownFileType = sourcecode.swift; path = AppDelegate.swift; sourceTree = "<group>"; };
		8ADE624A2200B12900E956A1 /* HomeViewController.swift */ = {isa = PBXFileReference; lastKnownFileType = sourcecode.swift; path = HomeViewController.swift; sourceTree = "<group>"; };
		8ADE624D2200B12900E956A1 /* Base */ = {isa = PBXFileReference; lastKnownFileType = file.storyboard; name = Base; path = Base.lproj/Home.storyboard; sourceTree = "<group>"; };
		8ADE624F2200B12B00E956A1 /* Assets.xcassets */ = {isa = PBXFileReference; lastKnownFileType = folder.assetcatalog; path = Assets.xcassets; sourceTree = "<group>"; };
		8ADE62522200B12B00E956A1 /* Base */ = {isa = PBXFileReference; lastKnownFileType = file.storyboard; name = Base; path = Base.lproj/LaunchScreen.storyboard; sourceTree = "<group>"; };
		8ADE62542200B12B00E956A1 /* Info.plist */ = {isa = PBXFileReference; lastKnownFileType = text.plist.xml; path = Info.plist; sourceTree = "<group>"; };
/* End PBXFileReference section */

/* Begin PBXFrameworksBuildPhase section */
		8ADE62422200B12900E956A1 /* Frameworks */ = {
			isa = PBXFrameworksBuildPhase;
			buildActionMask = 2147483647;
			files = (
			);
			runOnlyForDeploymentPostprocessing = 0;
		};
/* End PBXFrameworksBuildPhase section */

/* Begin PBXGroup section */
		8A1B01FA2202E24800CE513A /* UI Components */ = {
			isa = PBXGroup;
			children = (
				8A7A496C224A5E4200477CBB /* Labels */,
				8A7A496B224A5E3000477CBB /* TableViewCells */,
			);
			path = "UI Components";
			sourceTree = "<group>";
		};
		8A21039622156429007CBC61 /* CartTableViewCell */ = {
			isa = PBXGroup;
			children = (
				8A21039722156470007CBC61 /* CartTableViewCell.swift */,
				8A21039822156470007CBC61 /* CartTableViewCell.xib */,
			);
			path = CartTableViewCell;
			sourceTree = "<group>";
		};
		8A21DB282218518D00BBF89A /* OrderTableViewHeaderView */ = {
			isa = PBXGroup;
			children = (
				8A21DB24221850B800BBF89A /* OrderTableViewHeaderView.swift */,
				8A21DB262218517400BBF89A /* OrderTableViewHeaderView.xib */,
			);
			path = OrderTableViewHeaderView;
			sourceTree = "<group>";
		};
		8A40D5EE220366900066DCD9 /* RestaurantTableViewCell */ = {
			isa = PBXGroup;
			children = (
				8A1B01FB2202E2A800CE513A /* RestaurantTableViewCell.swift */,
				8A1B01FC2202E2A800CE513A /* RestaurantTableViewCell.xib */,
			);
			path = RestaurantTableViewCell;
			sourceTree = "<group>";
		};
		8A40D5EF220366A10066DCD9 /* MenuItemTableViewCell */ = {
			isa = PBXGroup;
			children = (
				8A40D5F0220366D20066DCD9 /* MenuItemTableViewCell.swift */,
				8A40D5F1220366D20066DCD9 /* MenuItemTableViewCell.xib */,
			);
			path = MenuItemTableViewCell;
			sourceTree = "<group>";
		};
		8A6940A722032F7B00FD71F8 /* Views */ = {
			isa = PBXGroup;
			children = (
				8ADE624C2200B12900E956A1 /* Home.storyboard */,
			);
			path = Views;
			sourceTree = "<group>";
		};
		8A7A496B224A5E3000477CBB /* TableViewCells */ = {
			isa = PBXGroup;
			children = (
				8A40D5EE220366900066DCD9 /* RestaurantTableViewCell */,
				8A40D5EF220366A10066DCD9 /* MenuItemTableViewCell */,
				8A21039622156429007CBC61 /* CartTableViewCell */,
				8A21DB282218518D00BBF89A /* OrderTableViewHeaderView */,
			);
			path = TableViewCells;
			sourceTree = "<group>";
		};
		8A7A496C224A5E4200477CBB /* Labels */ = {
			isa = PBXGroup;
			children = (
				8A7A496D224A5E5400477CBB /* AlertLabel.swift */,
			);
			path = Labels;
			sourceTree = "<group>";
		};
		8AA8DA092212C29B00138FAF /* Child View Controllers */ = {
			isa = PBXGroup;
			children = (
				8AA8DA0A2212C2EE00138FAF /* LoadingViewController.swift */,
			);
			path = "Child View Controllers";
			sourceTree = "<group>";
		};
		8AA8DA0C2212C69700138FAF /* Extensions */ = {
			isa = PBXGroup;
			children = (
				8AA8DA0D2212C6C900138FAF /* UIViewController+Foodly.swift */,
				8A1FA55D2214301D00DF0430 /* UIFont+Foodly.swift */,
				8A1FA55F221437DC00DF0430 /* UIColor+Foodly.swift */,
				8A4179C52248D56D007C0A7D /* CALayer+Foodly.swift */,
			);
			path = Extensions;
			sourceTree = "<group>";
		};
		8AC21A75221457D700DF1BD9 /* Protocols */ = {
			isa = PBXGroup;
			children = (
				8AC21A762214581A00DF1BD9 /* UpdateCartProtocol.swift */,
				8A2074AA22199302000CC4C6 /* DismissProtocol.swift */,
			);
			path = Protocols;
			sourceTree = "<group>";
		};
		8ADE623C2200B12900E956A1 = {
			isa = PBXGroup;
			children = (
				8ADE62472200B12900E956A1 /* Pizza_Ordering_Web_App */,
				8ADE62462200B12900E956A1 /* Products */,
			);
			sourceTree = "<group>";
		};
		8ADE62462200B12900E956A1 /* Products */ = {
			isa = PBXGroup;
			children = (
				8ADE62452200B12900E956A1 /* Pizza_Ordering_Web_App.app */,
			);
			name = Products;
			sourceTree = "<group>";
		};
		8ADE62472200B12900E956A1 /* Pizza_Ordering_Web_App */ = {
			isa = PBXGroup;
			children = (
				8ADE625A2200B8B100E956A1 /* Controllers */,
				8A6940A722032F7B00FD71F8 /* Views */,
				8ADE625B2200B8D500E956A1 /* Models */,
				8ADE625F2200B99800E956A1 /* Data */,
				8AC21A75221457D700DF1BD9 /* Protocols */,
				8AA8DA0C2212C69700138FAF /* Extensions */,
				8A1B01FA2202E24800CE513A /* UI Components */,
				8ADE625C2200B91D00E956A1 /* Resources */,
				8ADE625D2200B92D00E956A1 /* Startup */,
				8ADE625E2200B94000E956A1 /* Supporting files */,
			);
			path = Pizza_Ordering_Web_App;
			sourceTree = "<group>";
		};
		8ADE625A2200B8B100E956A1 /* Controllers */ = {
			isa = PBXGroup;
			children = (
				8AA8DA092212C29B00138FAF /* Child View Controllers */,
				8ADE624A2200B12900E956A1 /* HomeViewController.swift */,
				8A6940A8220330B100FD71F8 /* MenuViewController.swift */,
				8A8F100E2213007B00E4B185 /* AddToCartViewController.swift */,
				8A21B136221490C600C4B02A /* CartViewController.swift */,
				8A0E988922172CAA00A0EEA6 /* OrderOverviewViewController.swift */,
			);
			path = Controllers;
			sourceTree = "<group>";
		};
		8ADE625B2200B8D500E956A1 /* Models */ = {
			isa = PBXGroup;
			children = (
				8A28D64D2201A35400F5B640 /* Restaurant.swift */,
				8A6940AA220339B100FD71F8 /* MenuItem.swift */,
				8A2524A7224BAB6100A5229A /* Menu.swift */,
				8A21B13422147F2B00C4B02A /* CartItem.swift */,
				8A0E988322170C9200A0EEA6 /* NewOrder.swift */,
				8A0E98872217246000A0EEA6 /* Order.swift */,
			);
			path = Models;
			sourceTree = "<group>";
		};
		8ADE625C2200B91D00E956A1 /* Resources */ = {
			isa = PBXGroup;
			children = (
				8ADE624F2200B12B00E956A1 /* Assets.xcassets */,
			);
			path = Resources;
			sourceTree = "<group>";
		};
		8ADE625D2200B92D00E956A1 /* Startup */ = {
			isa = PBXGroup;
			children = (
				8ADE62482200B12900E956A1 /* AppDelegate.swift */,
			);
			path = Startup;
			sourceTree = "<group>";
		};
		8ADE625E2200B94000E956A1 /* Supporting files */ = {
			isa = PBXGroup;
			children = (
				8ADC8476221309ED0049464E /* StoryboardInstance.swift */,
				8ADE62512200B12B00E956A1 /* LaunchScreen.storyboard */,
				8ADE62542200B12B00E956A1 /* Info.plist */,
			);
			path = "Supporting files";
			sourceTree = "<group>";
		};
		8ADE625F2200B99800E956A1 /* Data */ = {
			isa = PBXGroup;
			children = (
				8A28D64B220194FF00F5B640 /* DataController.swift */,
			);
			path = Data;
			sourceTree = "<group>";
		};
/* End PBXGroup section */

/* Begin PBXNativeTarget section */
		8ADE62442200B12900E956A1 /* Pizza_Ordering_Web_App */ = {
			isa = PBXNativeTarget;
			buildConfigurationList = 8ADE62572200B12B00E956A1 /* Build configuration list for PBXNativeTarget "Pizza_Ordering_Web_App" */;
			buildPhases = (
				8ADE62412200B12900E956A1 /* Sources */,
				8ADE62422200B12900E956A1 /* Frameworks */,
				8ADE62432200B12900E956A1 /* Resources */,
			);
			buildRules = (
			);
			dependencies = (
			);
			name = Pizza_Ordering_Web_App;
			productName = Pizza_Ordering_Web_App;
			productReference = 8ADE62452200B12900E956A1 /* Pizza_Ordering_Web_App.app */;
			productType = "com.apple.product-type.application";
		};
/* End PBXNativeTarget section */

/* Begin PBXProject section */
		8ADE623D2200B12900E956A1 /* Project object */ = {
			isa = PBXProject;
			attributes = {
				LastSwiftUpdateCheck = 1010;
				LastUpgradeCheck = 1010;
				ORGANIZATIONNAME = "Mattias Tilert Thunqvist";
				TargetAttributes = {
					8ADE62442200B12900E956A1 = {
						CreatedOnToolsVersion = 10.1;
						LastSwiftMigration = 1120;
					};
				};
			};
			buildConfigurationList = 8ADE62402200B12900E956A1 /* Build configuration list for PBXProject "Pizza_Ordering_Web_App" */;
			compatibilityVersion = "Xcode 9.3";
			developmentRegion = en;
			hasScannedForEncodings = 0;
			knownRegions = (
				en,
				Base,
			);
			mainGroup = 8ADE623C2200B12900E956A1;
			productRefGroup = 8ADE62462200B12900E956A1 /* Products */;
			projectDirPath = "";
			projectRoot = "";
			targets = (
				8ADE62442200B12900E956A1 /* Pizza_Ordering_Web_App */,
			);
		};
/* End PBXProject section */

/* Begin PBXResourcesBuildPhase section */
		8ADE62432200B12900E956A1 /* Resources */ = {
			isa = PBXResourcesBuildPhase;
			buildActionMask = 2147483647;
			files = (
				8A21DB272218517400BBF89A /* OrderTableViewHeaderView.xib in Resources */,
				8A1B01FE2202E2A800CE513A /* RestaurantTableViewCell.xib in Resources */,
				8ADE62532200B12B00E956A1 /* LaunchScreen.storyboard in Resources */,
				8ADE62502200B12B00E956A1 /* Assets.xcassets in Resources */,
				8A21039A22156470007CBC61 /* CartTableViewCell.xib in Resources */,
				8A40D5F3220366D20066DCD9 /* MenuItemTableViewCell.xib in Resources */,
				8ADE624E2200B12900E956A1 /* Home.storyboard in Resources */,
			);
			runOnlyForDeploymentPostprocessing = 0;
		};
/* End PBXResourcesBuildPhase section */

/* Begin PBXSourcesBuildPhase section */
		8ADE62412200B12900E956A1 /* Sources */ = {
			isa = PBXSourcesBuildPhase;
			buildActionMask = 2147483647;
			files = (
				8A0E988A22172CAA00A0EEA6 /* OrderOverviewViewController.swift in Sources */,
				8A1FA560221437DC00DF0430 /* UIColor+Foodly.swift in Sources */,
				8A1B01FD2202E2A800CE513A /* RestaurantTableViewCell.swift in Sources */,
				8A1FA55E2214301D00DF0430 /* UIFont+Foodly.swift in Sources */,
				8A0E988422170C9200A0EEA6 /* NewOrder.swift in Sources */,
				8A7A496E224A5E5400477CBB /* AlertLabel.swift in Sources */,
				8A2524A8224BAB6100A5229A /* Menu.swift in Sources */,
				8A21039922156470007CBC61 /* CartTableViewCell.swift in Sources */,
				8ADC8477221309ED0049464E /* StoryboardInstance.swift in Sources */,
				8A4179C62248D56D007C0A7D /* CALayer+Foodly.swift in Sources */,
				8A28D64E2201A35400F5B640 /* Restaurant.swift in Sources */,
				8A6940AB220339B100FD71F8 /* MenuItem.swift in Sources */,
				8A8F100F2213007B00E4B185 /* AddToCartViewController.swift in Sources */,
				8AC21A772214581A00DF1BD9 /* UpdateCartProtocol.swift in Sources */,
				8A21DB25221850B800BBF89A /* OrderTableViewHeaderView.swift in Sources */,
				8ADE624B2200B12900E956A1 /* HomeViewController.swift in Sources */,
				8AA8DA0E2212C6C900138FAF /* UIViewController+Foodly.swift in Sources */,
				8A0E98882217246000A0EEA6 /* Order.swift in Sources */,
				8A6940A9220330B100FD71F8 /* MenuViewController.swift in Sources */,
				8AA8DA0B2212C2EE00138FAF /* LoadingViewController.swift in Sources */,
				8A40D5F2220366D20066DCD9 /* MenuItemTableViewCell.swift in Sources */,
				8A21B137221490C600C4B02A /* CartViewController.swift in Sources */,
				8A28D64C220194FF00F5B640 /* DataController.swift in Sources */,
				8ADE62492200B12900E956A1 /* AppDelegate.swift in Sources */,
				8A2074AB22199302000CC4C6 /* DismissProtocol.swift in Sources */,
				8A21B13522147F2B00C4B02A /* CartItem.swift in Sources */,
			);
			runOnlyForDeploymentPostprocessing = 0;
		};
/* End PBXSourcesBuildPhase section */

/* Begin PBXVariantGroup section */
		8ADE624C2200B12900E956A1 /* Home.storyboard */ = {
			isa = PBXVariantGroup;
			children = (
				8ADE624D2200B12900E956A1 /* Base */,
			);
			name = Home.storyboard;
			sourceTree = "<group>";
		};
		8ADE62512200B12B00E956A1 /* LaunchScreen.storyboard */ = {
			isa = PBXVariantGroup;
			children = (
				8ADE62522200B12B00E956A1 /* Base */,
			);
			name = LaunchScreen.storyboard;
			sourceTree = "<group>";
		};
/* End PBXVariantGroup section */

/* Begin XCBuildConfiguration section */
		8ADE62552200B12B00E956A1 /* Debug */ = {
			isa = XCBuildConfiguration;
			buildSettings = {
				ALWAYS_SEARCH_USER_PATHS = NO;
				CLANG_ANALYZER_NONNULL = YES;
				CLANG_ANALYZER_NUMBER_OBJECT_CONVERSION = YES_AGGRESSIVE;
				CLANG_CXX_LANGUAGE_STANDARD = "gnu++14";
				CLANG_CXX_LIBRARY = "libc++";
				CLANG_ENABLE_MODULES = YES;
				CLANG_ENABLE_OBJC_ARC = YES;
				CLANG_ENABLE_OBJC_WEAK = YES;
				CLANG_WARN_BLOCK_CAPTURE_AUTORELEASING = YES;
				CLANG_WARN_BOOL_CONVERSION = YES;
				CLANG_WARN_COMMA = YES;
				CLANG_WARN_CONSTANT_CONVERSION = YES;
				CLANG_WARN_DEPRECATED_OBJC_IMPLEMENTATIONS = YES;
				CLANG_WARN_DIRECT_OBJC_ISA_USAGE = YES_ERROR;
				CLANG_WARN_DOCUMENTATION_COMMENTS = YES;
				CLANG_WARN_EMPTY_BODY = YES;
				CLANG_WARN_ENUM_CONVERSION = YES;
				CLANG_WARN_INFINITE_RECURSION = YES;
				CLANG_WARN_INT_CONVERSION = YES;
				CLANG_WARN_NON_LITERAL_NULL_CONVERSION = YES;
				CLANG_WARN_OBJC_IMPLICIT_RETAIN_SELF = YES;
				CLANG_WARN_OBJC_LITERAL_CONVERSION = YES;
				CLANG_WARN_OBJC_ROOT_CLASS = YES_ERROR;
				CLANG_WARN_RANGE_LOOP_ANALYSIS = YES;
				CLANG_WARN_STRICT_PROTOTYPES = YES;
				CLANG_WARN_SUSPICIOUS_MOVE = YES;
				CLANG_WARN_UNGUARDED_AVAILABILITY = YES_AGGRESSIVE;
				CLANG_WARN_UNREACHABLE_CODE = YES;
				CLANG_WARN__DUPLICATE_METHOD_MATCH = YES;
				CODE_SIGN_IDENTITY = "iPhone Developer";
				COPY_PHASE_STRIP = NO;
				DEBUG_INFORMATION_FORMAT = dwarf;
				ENABLE_STRICT_OBJC_MSGSEND = YES;
				ENABLE_TESTABILITY = YES;
				GCC_C_LANGUAGE_STANDARD = gnu11;
				GCC_DYNAMIC_NO_PIC = NO;
				GCC_NO_COMMON_BLOCKS = YES;
				GCC_OPTIMIZATION_LEVEL = 0;
				GCC_PREPROCESSOR_DEFINITIONS = (
					"DEBUG=1",
					"$(inherited)",
				);
				GCC_WARN_64_TO_32_BIT_CONVERSION = YES;
				GCC_WARN_ABOUT_RETURN_TYPE = YES_ERROR;
				GCC_WARN_UNDECLARED_SELECTOR = YES;
				GCC_WARN_UNINITIALIZED_AUTOS = YES_AGGRESSIVE;
				GCC_WARN_UNUSED_FUNCTION = YES;
				GCC_WARN_UNUSED_VARIABLE = YES;
				IPHONEOS_DEPLOYMENT_TARGET = 12.1;
				MTL_ENABLE_DEBUG_INFO = INCLUDE_SOURCE;
				MTL_FAST_MATH = YES;
				ONLY_ACTIVE_ARCH = YES;
				SDKROOT = iphoneos;
				SWIFT_ACTIVE_COMPILATION_CONDITIONS = DEBUG;
				SWIFT_OPTIMIZATION_LEVEL = "-Onone";
			};
			name = Debug;
		};
		8ADE62562200B12B00E956A1 /* Release */ = {
			isa = XCBuildConfiguration;
			buildSettings = {
				ALWAYS_SEARCH_USER_PATHS = NO;
				CLANG_ANALYZER_NONNULL = YES;
				CLANG_ANALYZER_NUMBER_OBJECT_CONVERSION = YES_AGGRESSIVE;
				CLANG_CXX_LANGUAGE_STANDARD = "gnu++14";
				CLANG_CXX_LIBRARY = "libc++";
				CLANG_ENABLE_MODULES = YES;
				CLANG_ENABLE_OBJC_ARC = YES;
				CLANG_ENABLE_OBJC_WEAK = YES;
				CLANG_WARN_BLOCK_CAPTURE_AUTORELEASING = YES;
				CLANG_WARN_BOOL_CONVERSION = YES;
				CLANG_WARN_COMMA = YES;
				CLANG_WARN_CONSTANT_CONVERSION = YES;
				CLANG_WARN_DEPRECATED_OBJC_IMPLEMENTATIONS = YES;
				CLANG_WARN_DIRECT_OBJC_ISA_USAGE = YES_ERROR;
				CLANG_WARN_DOCUMENTATION_COMMENTS = YES;
				CLANG_WARN_EMPTY_BODY = YES;
				CLANG_WARN_ENUM_CONVERSION = YES;
				CLANG_WARN_INFINITE_RECURSION = YES;
				CLANG_WARN_INT_CONVERSION = YES;
				CLANG_WARN_NON_LITERAL_NULL_CONVERSION = YES;
				CLANG_WARN_OBJC_IMPLICIT_RETAIN_SELF = YES;
				CLANG_WARN_OBJC_LITERAL_CONVERSION = YES;
				CLANG_WARN_OBJC_ROOT_CLASS = YES_ERROR;
				CLANG_WARN_RANGE_LOOP_ANALYSIS = YES;
				CLANG_WARN_STRICT_PROTOTYPES = YES;
				CLANG_WARN_SUSPICIOUS_MOVE = YES;
				CLANG_WARN_UNGUARDED_AVAILABILITY = YES_AGGRESSIVE;
				CLANG_WARN_UNREACHABLE_CODE = YES;
				CLANG_WARN__DUPLICATE_METHOD_MATCH = YES;
				CODE_SIGN_IDENTITY = "iPhone Developer";
				COPY_PHASE_STRIP = NO;
				DEBUG_INFORMATION_FORMAT = "dwarf-with-dsym";
				ENABLE_NS_ASSERTIONS = NO;
				ENABLE_STRICT_OBJC_MSGSEND = YES;
				GCC_C_LANGUAGE_STANDARD = gnu11;
				GCC_NO_COMMON_BLOCKS = YES;
				GCC_WARN_64_TO_32_BIT_CONVERSION = YES;
				GCC_WARN_ABOUT_RETURN_TYPE = YES_ERROR;
				GCC_WARN_UNDECLARED_SELECTOR = YES;
				GCC_WARN_UNINITIALIZED_AUTOS = YES_AGGRESSIVE;
				GCC_WARN_UNUSED_FUNCTION = YES;
				GCC_WARN_UNUSED_VARIABLE = YES;
				IPHONEOS_DEPLOYMENT_TARGET = 12.1;
				MTL_ENABLE_DEBUG_INFO = NO;
				MTL_FAST_MATH = YES;
				SDKROOT = iphoneos;
				SWIFT_COMPILATION_MODE = wholemodule;
				SWIFT_OPTIMIZATION_LEVEL = "-O";
				VALIDATE_PRODUCT = YES;
			};
			name = Release;
		};
		8ADE62582200B12B00E956A1 /* Debug */ = {
			isa = XCBuildConfiguration;
			buildSettings = {
				ASSETCATALOG_COMPILER_APPICON_NAME = AppIcon;
				CODE_SIGN_STYLE = Automatic;
				DEVELOPMENT_TEAM = HHF5S2KXXT;
				INFOPLIST_FILE = "$(SRCROOT)/Pizza_Ordering_Web_App/Supporting files/Info.plist";
				IPHONEOS_DEPLOYMENT_TARGET = 11.0;
				LD_RUNPATH_SEARCH_PATHS = (
					"$(inherited)",
					"@executable_path/Frameworks",
				);
				PRODUCT_BUNDLE_IDENTIFIER = "com.getweddplan.Pizza-Ordering-Web-App";
				PRODUCT_NAME = "$(TARGET_NAME)";
				SWIFT_VERSION = 5.0;
				TARGETED_DEVICE_FAMILY = "1,2";
			};
			name = Debug;
		};
		8ADE62592200B12B00E956A1 /* Release */ = {
			isa = XCBuildConfiguration;
			buildSettings = {
				ASSETCATALOG_COMPILER_APPICON_NAME = AppIcon;
				CODE_SIGN_STYLE = Automatic;
				DEVELOPMENT_TEAM = HHF5S2KXXT;
				INFOPLIST_FILE = "$(SRCROOT)/Pizza_Ordering_Web_App/Supporting files/Info.plist";
				IPHONEOS_DEPLOYMENT_TARGET = 11.0;
				LD_RUNPATH_SEARCH_PATHS = (
					"$(inherited)",
					"@executable_path/Frameworks",
				);
				PRODUCT_BUNDLE_IDENTIFIER = "com.getweddplan.Pizza-Ordering-Web-App";
				PRODUCT_NAME = "$(TARGET_NAME)";
				SWIFT_VERSION = 5.0;
				TARGETED_DEVICE_FAMILY = "1,2";
			};
			name = Release;
		};
/* End XCBuildConfiguration section */

/* Begin XCConfigurationList section */
		8ADE62402200B12900E956A1 /* Build configuration list for PBXProject "Pizza_Ordering_Web_App" */ = {
			isa = XCConfigurationList;
			buildConfigurations = (
				8ADE62552200B12B00E956A1 /* Debug */,
				8ADE62562200B12B00E956A1 /* Release */,
			);
			defaultConfigurationIsVisible = 0;
			defaultConfigurationName = Release;
		};
		8ADE62572200B12B00E956A1 /* Build configuration list for PBXNativeTarget "Pizza_Ordering_Web_App" */ = {
			isa = XCConfigurationList;
			buildConfigurations = (
				8ADE62582200B12B00E956A1 /* Debug */,
				8ADE62592200B12B00E956A1 /* Release */,
			);
			defaultConfigurationIsVisible = 0;
			defaultConfigurationName = Release;
		};
/* End XCConfigurationList section */
	};
	rootObject = 8ADE623D2200B12900E956A1 /* Project object */;
}
